
Microsoft Visual Studio Solution File, Format Version 12.00
# Visual Studio Version 17
VisualStudioVersion = 17.6.33829.357
MinimumVisualStudioVersion = 10.0.40219.1
Project("{9A19103F-16F7-4668-BE54-9A1E7A4F7556}") = "Reservation", "Reservation\Reservation.csproj", "{AFD7C647-D138-4A67-84BC-FB218D6EDF9D}"
EndProject
Global
	GlobalSection(SolutionConfigurationPlatforms) = preSolution
		Debug|Any CPU = Debug|Any CPU
		Release|Any CPU = Release|Any CPU
	EndGlobalSection
	GlobalSection(ProjectConfigurationPlatforms) = postSolution
		{AFD7C647-D138-4A67-84BC-FB218D6EDF9D}.Debug|Any CPU.ActiveCfg = Debug|Any CPU
		{AFD7C647-D138-4A67-84BC-FB218D6EDF9D}.Debug|Any CPU.Build.0 = Debug|Any CPU
		{AFD7C647-D138-4A67-84BC-FB218D6EDF9D}.Release|Any CPU.ActiveCfg = Release|Any CPU
		{AFD7C647-D138-4A67-84BC-FB218D6EDF9D}.Release|Any CPU.Build.0 = Release|Any CPU
	EndGlobalSection
	GlobalSection(SolutionProperties) = preSolution
		HideSolutionNode = FALSE
	EndGlobalSection
	GlobalSection(ExtensibilityGlobals) = postSolution
		SolutionGuid = {F22A8CB5-FDC2-413D-8506-15DEF90980B0}
	EndGlobalSection
EndGlobal
